<?xml version="1.0" encoding="utf-8"?>
<Project ToolsVersion="4.0" xmlns="http://schemas.microsoft.com/developer/msbuild/2003">
  <ItemGroup>
    <Filter Include="Source Files">
      <UniqueIdentifier>{4FC737F1-C7A5-4376-A066-2A32D752A2FF}</UniqueIdentifier>
      <Extensions>cpp;c;cc;cxx;c++;cppm;ixx;def;odl;idl;hpj;bat;asm;asmx</Extensions>
    </Filter>
    <Filter Include="Header Files">
      <UniqueIdentifier>{93995380-89BD-4b04-88EB-625FBE52EBFB}</UniqueIdentifier>
      <Extensions>h;hh;hpp;hxx;h++;hm;inl;inc;ipp;xsd</Extensions>
    </Filter>
    <Filter Include="Resource Files">
      <UniqueIdentifier>{67DA6AB6-F800-4c08-8B7A-83BB121AAD01}</UniqueIdentifier>
      <Extensions>rc;ico;cur;bmp;dlg;rc2;rct;bin;rgs;gif;jpg;jpeg;jpe;resx;tiff;tif;png;wav;mfcribbon-ms</Extensions>
    </Filter>
  </ItemGroup>
  <ItemGroup>
    <ClCompile Include="FooTests.cpp">
      <Filter>Source Files</Filter>
    </ClCompile>
    <ClCompile Include="Support\Foo.cpp">
      <Filter>Source Files</Filter>
    </ClCompile>
    <ClCompile Include="CoreTest.cpp">
      <Filter>Source Files</Filter>
    </ClCompile>
    <ClCompile Include="ListTest.cpp">
      <Filter>Source Files</Filter>
    </ClCompile>
    <ClCompile Include="HeapTest.cpp">
      <Filter>Source Files</Filter>
    </ClCompile>
    <ClCompile Include="MemoryServiceTest.cpp">
      <Filter>Source Files</Filter>
    </ClCompile>
    <ClCompile Include="Support\FooManager.cpp">
      <Filter>Source Files</Filter>
    </ClCompile>
    <ClCompile Include="ServiceMgrTest.cpp">
      <Filter>Source Files</Filter>
    </ClCompile>
    <ClCompile Include="DatumTest.cpp">
      <Filter>Source Files</Filter>
    </ClCompile>
    <ClCompile Include="RTTITest.cpp">
      <Filter>Source Files</Filter>
    </ClCompile>
    <ClCompile Include="Support\SupportClass.cpp">
      <Filter>Source Files</Filter>
    </ClCompile>
    <ClCompile Include="ScopeTests.cpp">
      <Filter>Source Files</Filter>
    </ClCompile>
    <ClCompile Include="Support\AttributeBox.cpp">
      <Filter>Source Files</Filter>
    </ClCompile>
    <ClCompile Include="Support\AttributeBoxTests.cpp">
      <Filter>Source Files</Filter>
    </ClCompile>
    <ClCompile Include="Support\ScopedFoo.cpp">
      <Filter>Source Files</Filter>
    </ClCompile>
    <ClCompile Include="JsonCppTest.cpp">
      <Filter>Source Files</Filter>
    </ClCompile>
    <ClCompile Include="ParserTest.cpp">
      <Filter>Source Files</Filter>
    </ClCompile>
    <ClCompile Include="FactoryTests.cpp">
      <Filter>Source Files</Filter>
    </ClCompile>
    <ClCompile Include="Support\AttributeBoxPlus.cpp">
      <Filter>Source Files</Filter>
    </ClCompile>
    <ClCompile Include="AsyncTest.cpp">
      <Filter>Source Files</Filter>
    </ClCompile>
    <ClCompile Include="SkeletonTest.cpp">
      <Filter>Source Files</Filter>
    </ClCompile>
  </ItemGroup>
  <ItemGroup>
    <ClInclude Include="Tests.h">
      <Filter>Header Files</Filter>
    </ClInclude>
    <ClInclude Include="Support\Foo.h">
      <Filter>Header Files</Filter>
    </ClInclude>
    <ClInclude Include="Support\FooManager.h">
      <Filter>Header Files</Filter>
    </ClInclude>
    <ClInclude Include="Support\SupportClass.h">
      <Filter>Header Files</Filter>
    </ClInclude>
    <ClInclude Include="Support\AttributeBox.h">
      <Filter>Header Files</Filter>
    </ClInclude>
    <ClInclude Include="Support\ScopedFoo.h">
      <Filter>Header Files</Filter>
    </ClInclude>
    <ClInclude Include="Support\AttributeBoxPlus.h">
      <Filter>Header Files</Filter>
    </ClInclude>
  </ItemGroup>
  <ItemGroup>
    <None Include="packages.config" />
    <None Include="jsonSampler.openthisfileandworkformeplz" />
  </ItemGroup>
</Project>