<?xml version="1.0" encoding="utf-8"?>
<Project ToolsVersion="4.0" xmlns="http://schemas.microsoft.com/developer/msbuild/2003">
  <ItemGroup>
    <Filter Include="Source Files">
      <UniqueIdentifier>{4FC737F1-C7A5-4376-A066-2A32D752A2FF}</UniqueIdentifier>
      <Extensions>cpp;c;cc;cxx;c++;cppm;ixx;def;odl;idl;hpj;bat;asm;asmx</Extensions>
    </Filter>
    <Filter Include="Header Files">
      <UniqueIdentifier>{93995380-89BD-4b04-88EB-625FBE52EBFB}</UniqueIdentifier>
      <Extensions>h;hh;hpp;hxx;h++;hm;inl;inc;ipp;xsd</Extensions>
    </Filter>
    <Filter Include="Resource Files">
      <UniqueIdentifier>{67DA6AB6-F800-4c08-8B7A-83BB121AAD01}</UniqueIdentifier>
      <Extensions>rc;ico;cur;bmp;dlg;rc2;rct;bin;rgs;gif;jpg;jpeg;jpe;resx;tiff;tif;png;wav;mfcribbon-ms</Extensions>
    </Filter>
  </ItemGroup>
  <ItemGroup>
    <ClInclude Include="include\FieaGameEngine\Types.h">
      <Filter>Header Files</Filter>
    </ClInclude>
    <ClInclude Include="include\FieaGameEngine\List.h">
      <Filter>Header Files</Filter>
    </ClInclude>
    <ClInclude Include="include\FieaGameEngine\Timer.h">
      <Filter>Header Files</Filter>
    </ClInclude>
    <ClInclude Include="src\Memory\Heap.h">
      <Filter>Header Files</Filter>
    </ClInclude>
    <ClInclude Include="include\FieaGameEngine\MemoryService.h">
      <Filter>Header Files</Filter>
    </ClInclude>
    <ClInclude Include="src\Memory\Track.h">
      <Filter>Header Files</Filter>
    </ClInclude>
    <ClInclude Include="src\Memory\SystemAllocator.h">
      <Filter>Header Files</Filter>
    </ClInclude>
    <ClInclude Include="include\FieaGameEngine\ServiceMgr.h">
      <Filter>Header Files</Filter>
    </ClInclude>
    <ClInclude Include="include\FieaGameEngine\ClockService.h">
      <Filter>Header Files</Filter>
    </ClInclude>
    <ClInclude Include="src\Content\Datum.h">
      <Filter>Header Files</Filter>
    </ClInclude>
    <ClInclude Include="include\RTTI.h">
      <Filter>Header Files</Filter>
    </ClInclude>
    <ClInclude Include="src\Content\Scope.h">
      <Filter>Header Files</Filter>
    </ClInclude>
    <ClInclude Include="src\Content\Parser.h">
      <Filter>Header Files</Filter>
    </ClInclude>
    <ClInclude Include="include\FieaGameEngine\ContentService.h">
      <Filter>Header Files</Filter>
    </ClInclude>
    <ClInclude Include="include\FieaGameEngine\FactoryService.h">
      <Filter>Header Files</Filter>
    </ClInclude>
    <ClInclude Include="src\Content\Attributed.h">
      <Filter>Header Files</Filter>
    </ClInclude>
    <ClInclude Include="src\Clock\GameClock.h">
      <Filter>Header Files</Filter>
    </ClInclude>
  </ItemGroup>
  <ItemGroup>
    <ClCompile Include="src\Memory\Heap.cpp">
      <Filter>Source Files</Filter>
    </ClCompile>
    <ClCompile Include="src\Memory\MemoryService.cpp">
      <Filter>Source Files</Filter>
    </ClCompile>
    <ClCompile Include="src\Memory\Track.cpp">
      <Filter>Source Files</Filter>
    </ClCompile>
    <ClCompile Include="src\ServiceMgr.cpp">
      <Filter>Source Files</Filter>
    </ClCompile>
    <ClCompile Include="src\Clock\ClockService.cpp">
      <Filter>Source Files</Filter>
    </ClCompile>
    <ClCompile Include="src\Content\Datum.cpp">
      <Filter>Source Files</Filter>
    </ClCompile>
    <ClCompile Include="src\RTTI.cpp">
      <Filter>Source Files</Filter>
    </ClCompile>
    <ClCompile Include="src\Content\Scope.cpp">
      <Filter>Source Files</Filter>
    </ClCompile>
    <ClCompile Include="src\Content\Parser.cpp">
      <Filter>Source Files</Filter>
    </ClCompile>
    <ClCompile Include="src\Content\ParseWriter.cpp">
      <Filter>Source Files</Filter>
    </ClCompile>
    <ClCompile Include="src\Content\ContentService.cpp">
      <Filter>Source Files</Filter>
    </ClCompile>
    <ClCompile Include="src\FactoryService.cpp">
      <Filter>Source Files</Filter>
    </ClCompile>
    <ClCompile Include="src\Content\Attributed.cpp">
      <Filter>Source Files</Filter>
    </ClCompile>
    <ClCompile Include="src\Clock\GameClock.cpp">
      <Filter>Source Files</Filter>
    </ClCompile>
  </ItemGroup>
  <ItemGroup>
    <None Include="include\FieaGameEngine\List.inc">
      <Filter>Header Files</Filter>
    </None>
    <None Include="include\RTTI.inl">
      <Filter>Header Files</Filter>
    </None>
    <None Include="packages.config" />
  </ItemGroup>
</Project>